
Microsoft Visual Studio Solution File, Format Version 12.00
# Visual Studio Version 16
VisualStudioVersion = 16.0.28922.388
MinimumVisualStudioVersion = 10.0.40219.1
Project("{9A19103F-16F7-4668-BE54-9A1E7A4F7556}") = "SqlSugar", "SqlSugar\SqlSugar.csproj", "{902C44A9-6D0E-4713-879C-58A927EC967E}"
EndProject
Project("{9A19103F-16F7-4668-BE54-9A1E7A4F7556}") = "RayPI.Business", "RayPI.Bussiness\RayPI.Business.csproj", "{62976FEE-94AA-4D9A-B8A7-A60976ECD157}"
EndProject
Project("{2150E333-8FDC-42A3-9474-1A3956D46DE8}") = "2.Domain", "2.Domain", "{1FAFE035-0290-4FBF-93A9-6EA4E2EF7FCC}"
EndProject
Project("{2150E333-8FDC-42A3-9474-1A3956D46DE8}") = "1.Infrastructure", "1.Infrastructure", "{2D48BE4C-9D73-475F-8E71-0DFFAB0C5EC5}"
EndProject
Project("{2150E333-8FDC-42A3-9474-1A3956D46DE8}") = "3.Repository", "3.Repository", "{D61A765E-6E01-4AC5-B2C5-CA779814D04F}"
EndProject
Project("{2150E333-8FDC-42A3-9474-1A3956D46DE8}") = "4.Business", "4.Business", "{130C845B-81B2-4A3D-B56E-B6EFCE156006}"
EndProject
Project("{2150E333-8FDC-42A3-9474-1A3956D46DE8}") = "5.OpenApi", "5.OpenApi", "{D97B4127-B8AE-4C8F-B061-15D3202E2DFE}"
EndProject
Project("{9A19103F-16F7-4668-BE54-9A1E7A4F7556}") = "RayPI.OpenApi", "RayPI.OpenApi\RayPI.OpenApi.csproj", "{7FB6960F-2E6A-439A-92AA-D93F3411C0ED}"
EndProject
Project("{9A19103F-16F7-4668-BE54-9A1E7A4F7556}") = "RayPI.Domain", "RayPI.Domain\RayPI.Domain.csproj", "{8B7ED514-6925-44FE-821E-5C6779D43F1E}"
EndProject
Project("{9A19103F-16F7-4668-BE54-9A1E7A4F7556}") = "RayPI.Infrastructure.Treasury", "RayPI.Infrastructure.Treasury\RayPI.Infrastructure.Treasury.csproj", "{E1C58A88-6631-4844-B231-83AE157C736C}"
EndProject
Project("{9A19103F-16F7-4668-BE54-9A1E7A4F7556}") = "RayPI.Infrastructure.Swagger", "RayPI.Infrastructure.Swagger\RayPI.Infrastructure.Swagger.csproj", "{C8331832-59D0-4DB6-83DA-7CB7AE80B8E5}"
EndProject
Project("{9A19103F-16F7-4668-BE54-9A1E7A4F7556}") = "RayPI.Infrastructure.Cors", "RayPI.Infrastructure.Cors\RayPI.Infrastructure.Cors.csproj", "{72B78399-C2B5-43EF-8279-1EB290016232}"
EndProject
Project("{9A19103F-16F7-4668-BE54-9A1E7A4F7556}") = "RayPI.Infrastructure.Config", "RayPI.Infrastructure.Config\RayPI.Infrastructure.Config.csproj", "{E6308332-B67F-4E15-9D01-43D28C38C446}"
EndProject
Project("{9A19103F-16F7-4668-BE54-9A1E7A4F7556}") = "RayPI.Infrastructure.Auth", "RayPI.Infrastructure.Auth\RayPI.Infrastructure.Auth.csproj", "{4537B32F-9884-46E7-BC9A-525B6980CD81}"
EndProject
Project("{9A19103F-16F7-4668-BE54-9A1E7A4F7556}") = "RayPI.Repository.EFRepository", "RayPI.Repository.EFRepository\RayPI.Repository.EFRepository.csproj", "{F229751B-2A0B-4726-996B-40433387A2C8}"
EndProject
Project("{9A19103F-16F7-4668-BE54-9A1E7A4F7556}") = "RayPI.Repository.SqlSugarRepository", "RayPI.Repository.SqlSugarRepository\RayPI.Repository.SqlSugarRepository.csproj", "{CAECB4C0-EE12-4730-A0F8-31EFB45E648D}"
EndProject
Project("{9A19103F-16F7-4668-BE54-9A1E7A4F7556}") = "RayPI.Repository.DapperRepository", "RayPI.Repository.DapperRepository\RayPI.Repository.DapperRepository.csproj", "{DB486A61-8D94-4F76-8FF7-5BB3622A1FF1}"
EndProject
Project("{9A19103F-16F7-4668-BE54-9A1E7A4F7556}") = "RayPI.Infrastructure.RayException", "RayPI.Infrastructure.ExceptionManager\RayPI.Infrastructure.RayException.csproj", "{5E9E006B-2EC3-4823-B397-CABE461F9911}"
EndProject
Global
	GlobalSection(SolutionConfigurationPlatforms) = preSolution
		Debug|Any CPU = Debug|Any CPU
		Release|Any CPU = Release|Any CPU
	EndGlobalSection
	GlobalSection(ProjectConfigurationPlatforms) = postSolution
		{902C44A9-6D0E-4713-879C-58A927EC967E}.Debug|Any CPU.ActiveCfg = Debug|Any CPU
		{902C44A9-6D0E-4713-879C-58A927EC967E}.Debug|Any CPU.Build.0 = Debug|Any CPU
		{902C44A9-6D0E-4713-879C-58A927EC967E}.Release|Any CPU.ActiveCfg = Release|Any CPU
		{902C44A9-6D0E-4713-879C-58A927EC967E}.Release|Any CPU.Build.0 = Release|Any CPU
		{62976FEE-94AA-4D9A-B8A7-A60976ECD157}.Debug|Any CPU.ActiveCfg = Debug|Any CPU
		{62976FEE-94AA-4D9A-B8A7-A60976ECD157}.Debug|Any CPU.Build.0 = Debug|Any CPU
		{62976FEE-94AA-4D9A-B8A7-A60976ECD157}.Release|Any CPU.ActiveCfg = Release|Any CPU
		{62976FEE-94AA-4D9A-B8A7-A60976ECD157}.Release|Any CPU.Build.0 = Release|Any CPU
		{7FB6960F-2E6A-439A-92AA-D93F3411C0ED}.Debug|Any CPU.ActiveCfg = Debug|Any CPU
		{7FB6960F-2E6A-439A-92AA-D93F3411C0ED}.Debug|Any CPU.Build.0 = Debug|Any CPU
		{7FB6960F-2E6A-439A-92AA-D93F3411C0ED}.Release|Any CPU.ActiveCfg = Release|Any CPU
		{7FB6960F-2E6A-439A-92AA-D93F3411C0ED}.Release|Any CPU.Build.0 = Release|Any CPU
		{8B7ED514-6925-44FE-821E-5C6779D43F1E}.Debug|Any CPU.ActiveCfg = Debug|Any CPU
		{8B7ED514-6925-44FE-821E-5C6779D43F1E}.Debug|Any CPU.Build.0 = Debug|Any CPU
		{8B7ED514-6925-44FE-821E-5C6779D43F1E}.Release|Any CPU.ActiveCfg = Release|Any CPU
		{8B7ED514-6925-44FE-821E-5C6779D43F1E}.Release|Any CPU.Build.0 = Release|Any CPU
		{E1C58A88-6631-4844-B231-83AE157C736C}.Debug|Any CPU.ActiveCfg = Debug|Any CPU
		{E1C58A88-6631-4844-B231-83AE157C736C}.Debug|Any CPU.Build.0 = Debug|Any CPU
		{E1C58A88-6631-4844-B231-83AE157C736C}.Release|Any CPU.ActiveCfg = Release|Any CPU
		{E1C58A88-6631-4844-B231-83AE157C736C}.Release|Any CPU.Build.0 = Release|Any CPU
		{C8331832-59D0-4DB6-83DA-7CB7AE80B8E5}.Debug|Any CPU.ActiveCfg = Debug|Any CPU
		{C8331832-59D0-4DB6-83DA-7CB7AE80B8E5}.Debug|Any CPU.Build.0 = Debug|Any CPU
		{C8331832-59D0-4DB6-83DA-7CB7AE80B8E5}.Release|Any CPU.ActiveCfg = Release|Any CPU
		{C8331832-59D0-4DB6-83DA-7CB7AE80B8E5}.Release|Any CPU.Build.0 = Release|Any CPU
		{72B78399-C2B5-43EF-8279-1EB290016232}.Debug|Any CPU.ActiveCfg = Debug|Any CPU
		{72B78399-C2B5-43EF-8279-1EB290016232}.Debug|Any CPU.Build.0 = Debug|Any CPU
		{72B78399-C2B5-43EF-8279-1EB290016232}.Release|Any CPU.ActiveCfg = Release|Any CPU
		{72B78399-C2B5-43EF-8279-1EB290016232}.Release|Any CPU.Build.0 = Release|Any CPU
		{E6308332-B67F-4E15-9D01-43D28C38C446}.Debug|Any CPU.ActiveCfg = Debug|Any CPU
		{E6308332-B67F-4E15-9D01-43D28C38C446}.Debug|Any CPU.Build.0 = Debug|Any CPU
		{E6308332-B67F-4E15-9D01-43D28C38C446}.Release|Any CPU.ActiveCfg = Release|Any CPU
		{E6308332-B67F-4E15-9D01-43D28C38C446}.Release|Any CPU.Build.0 = Release|Any CPU
		{4537B32F-9884-46E7-BC9A-525B6980CD81}.Debug|Any CPU.ActiveCfg = Debug|Any CPU
		{4537B32F-9884-46E7-BC9A-525B6980CD81}.Debug|Any CPU.Build.0 = Debug|Any CPU
		{4537B32F-9884-46E7-BC9A-525B6980CD81}.Release|Any CPU.ActiveCfg = Release|Any CPU
		{4537B32F-9884-46E7-BC9A-525B6980CD81}.Release|Any CPU.Build.0 = Release|Any CPU
		{F229751B-2A0B-4726-996B-40433387A2C8}.Debug|Any CPU.ActiveCfg = Debug|Any CPU
		{F229751B-2A0B-4726-996B-40433387A2C8}.Debug|Any CPU.Build.0 = Debug|Any CPU
		{F229751B-2A0B-4726-996B-40433387A2C8}.Release|Any CPU.ActiveCfg = Release|Any CPU
		{F229751B-2A0B-4726-996B-40433387A2C8}.Release|Any CPU.Build.0 = Release|Any CPU
		{CAECB4C0-EE12-4730-A0F8-31EFB45E648D}.Debug|Any CPU.ActiveCfg = Debug|Any CPU
		{CAECB4C0-EE12-4730-A0F8-31EFB45E648D}.Debug|Any CPU.Build.0 = Debug|Any CPU
		{CAECB4C0-EE12-4730-A0F8-31EFB45E648D}.Release|Any CPU.ActiveCfg = Release|Any CPU
		{CAECB4C0-EE12-4730-A0F8-31EFB45E648D}.Release|Any CPU.Build.0 = Release|Any CPU
		{DB486A61-8D94-4F76-8FF7-5BB3622A1FF1}.Debug|Any CPU.ActiveCfg = Debug|Any CPU
		{DB486A61-8D94-4F76-8FF7-5BB3622A1FF1}.Debug|Any CPU.Build.0 = Debug|Any CPU
		{DB486A61-8D94-4F76-8FF7-5BB3622A1FF1}.Release|Any CPU.ActiveCfg = Release|Any CPU
		{DB486A61-8D94-4F76-8FF7-5BB3622A1FF1}.Release|Any CPU.Build.0 = Release|Any CPU
		{5E9E006B-2EC3-4823-B397-CABE461F9911}.Debug|Any CPU.ActiveCfg = Debug|Any CPU
		{5E9E006B-2EC3-4823-B397-CABE461F9911}.Debug|Any CPU.Build.0 = Debug|Any CPU
		{5E9E006B-2EC3-4823-B397-CABE461F9911}.Release|Any CPU.ActiveCfg = Release|Any CPU
		{5E9E006B-2EC3-4823-B397-CABE461F9911}.Release|Any CPU.Build.0 = Release|Any CPU
	EndGlobalSection
	GlobalSection(SolutionProperties) = preSolution
		HideSolutionNode = FALSE
	EndGlobalSection
	GlobalSection(NestedProjects) = preSolution
		{902C44A9-6D0E-4713-879C-58A927EC967E} = {2D48BE4C-9D73-475F-8E71-0DFFAB0C5EC5}
		{62976FEE-94AA-4D9A-B8A7-A60976ECD157} = {130C845B-81B2-4A3D-B56E-B6EFCE156006}
		{7FB6960F-2E6A-439A-92AA-D93F3411C0ED} = {D97B4127-B8AE-4C8F-B061-15D3202E2DFE}
		{8B7ED514-6925-44FE-821E-5C6779D43F1E} = {1FAFE035-0290-4FBF-93A9-6EA4E2EF7FCC}
		{E1C58A88-6631-4844-B231-83AE157C736C} = {2D48BE4C-9D73-475F-8E71-0DFFAB0C5EC5}
		{C8331832-59D0-4DB6-83DA-7CB7AE80B8E5} = {2D48BE4C-9D73-475F-8E71-0DFFAB0C5EC5}
		{72B78399-C2B5-43EF-8279-1EB290016232} = {2D48BE4C-9D73-475F-8E71-0DFFAB0C5EC5}
		{E6308332-B67F-4E15-9D01-43D28C38C446} = {2D48BE4C-9D73-475F-8E71-0DFFAB0C5EC5}
		{4537B32F-9884-46E7-BC9A-525B6980CD81} = {2D48BE4C-9D73-475F-8E71-0DFFAB0C5EC5}
		{F229751B-2A0B-4726-996B-40433387A2C8} = {D61A765E-6E01-4AC5-B2C5-CA779814D04F}
		{CAECB4C0-EE12-4730-A0F8-31EFB45E648D} = {D61A765E-6E01-4AC5-B2C5-CA779814D04F}
		{DB486A61-8D94-4F76-8FF7-5BB3622A1FF1} = {D61A765E-6E01-4AC5-B2C5-CA779814D04F}
		{5E9E006B-2EC3-4823-B397-CABE461F9911} = {2D48BE4C-9D73-475F-8E71-0DFFAB0C5EC5}
	EndGlobalSection
	GlobalSection(ExtensibilityGlobals) = postSolution
		SolutionGuid = {538DE4CA-FD39-4EC5-92B6-EF4B4D2B8F2D}
	EndGlobalSection
EndGlobal
