
Microsoft Visual Studio Solution File, Format Version 12.00
# Visual Studio 15
VisualStudioVersion = 15.0.27130.2026
MinimumVisualStudioVersion = 10.0.40219.1
Project("{9A19103F-16F7-4668-BE54-9A1E7A4F7556}") = "RayPI", "RayPI\RayPI.csproj", "{65EED5EA-70C8-4228-9AC4-E2E47C23F87F}"
EndProject
Project("{9A19103F-16F7-4668-BE54-9A1E7A4F7556}") = "RayPI.Bussiness", "RayPI.Bussiness\RayPI.Bussiness.csproj", "{0A4CADD0-B6C6-47F0-ACF3-E66D02EBFE5E}"
EndProject
Project("{9A19103F-16F7-4668-BE54-9A1E7A4F7556}") = "RayPI.Entity", "RayPI.Entity\RayPI.Entity.csproj", "{E4CDA23E-FC32-4FBC-BD18-05CC6D9C371D}"
EndProject
Project("{9A19103F-16F7-4668-BE54-9A1E7A4F7556}") = "RayPI.IRepository", "RayPI.IService\RayPI.IRepository.csproj", "{221B3E7A-9CC3-4C2C-90E1-D7FD018ADC56}"
EndProject
Project("{9A19103F-16F7-4668-BE54-9A1E7A4F7556}") = "RayPI.Model", "RayPI.Model\RayPI.Model.csproj", "{8107740E-C3C1-4DB4-848A-ADAABD6BCAF2}"
EndProject
Project("{9A19103F-16F7-4668-BE54-9A1E7A4F7556}") = "RayPI.Repository", "RayPI.Service\RayPI.Repository.csproj", "{846B820A-7D98-45C7-A1A3-6409B92E1DA4}"
EndProject
Project("{9A19103F-16F7-4668-BE54-9A1E7A4F7556}") = "SqlSugar", "SqlSugar\SqlSugar.csproj", "{902C44A9-6D0E-4713-879C-58A927EC967E}"
EndProject
Project("{9A19103F-16F7-4668-BE54-9A1E7A4F7556}") = "RayPI.Helper", "RayPI.Helper\RayPI.Helper.csproj", "{B563CC18-796F-4692-8396-016F70C747FD}"
EndProject
Global
	GlobalSection(SolutionConfigurationPlatforms) = preSolution
		Debug|Any CPU = Debug|Any CPU
		Release|Any CPU = Release|Any CPU
	EndGlobalSection
	GlobalSection(ProjectConfigurationPlatforms) = postSolution
		{65EED5EA-70C8-4228-9AC4-E2E47C23F87F}.Debug|Any CPU.ActiveCfg = Debug|Any CPU
		{65EED5EA-70C8-4228-9AC4-E2E47C23F87F}.Debug|Any CPU.Build.0 = Debug|Any CPU
		{65EED5EA-70C8-4228-9AC4-E2E47C23F87F}.Release|Any CPU.ActiveCfg = Release|Any CPU
		{65EED5EA-70C8-4228-9AC4-E2E47C23F87F}.Release|Any CPU.Build.0 = Release|Any CPU
		{0A4CADD0-B6C6-47F0-ACF3-E66D02EBFE5E}.Debug|Any CPU.ActiveCfg = Debug|Any CPU
		{0A4CADD0-B6C6-47F0-ACF3-E66D02EBFE5E}.Debug|Any CPU.Build.0 = Debug|Any CPU
		{0A4CADD0-B6C6-47F0-ACF3-E66D02EBFE5E}.Release|Any CPU.ActiveCfg = Release|Any CPU
		{0A4CADD0-B6C6-47F0-ACF3-E66D02EBFE5E}.Release|Any CPU.Build.0 = Release|Any CPU
		{E4CDA23E-FC32-4FBC-BD18-05CC6D9C371D}.Debug|Any CPU.ActiveCfg = Debug|Any CPU
		{E4CDA23E-FC32-4FBC-BD18-05CC6D9C371D}.Debug|Any CPU.Build.0 = Debug|Any CPU
		{E4CDA23E-FC32-4FBC-BD18-05CC6D9C371D}.Release|Any CPU.ActiveCfg = Release|Any CPU
		{E4CDA23E-FC32-4FBC-BD18-05CC6D9C371D}.Release|Any CPU.Build.0 = Release|Any CPU
		{221B3E7A-9CC3-4C2C-90E1-D7FD018ADC56}.Debug|Any CPU.ActiveCfg = Debug|Any CPU
		{221B3E7A-9CC3-4C2C-90E1-D7FD018ADC56}.Debug|Any CPU.Build.0 = Debug|Any CPU
		{221B3E7A-9CC3-4C2C-90E1-D7FD018ADC56}.Release|Any CPU.ActiveCfg = Release|Any CPU
		{221B3E7A-9CC3-4C2C-90E1-D7FD018ADC56}.Release|Any CPU.Build.0 = Release|Any CPU
		{8107740E-C3C1-4DB4-848A-ADAABD6BCAF2}.Debug|Any CPU.ActiveCfg = Debug|Any CPU
		{8107740E-C3C1-4DB4-848A-ADAABD6BCAF2}.Debug|Any CPU.Build.0 = Debug|Any CPU
		{8107740E-C3C1-4DB4-848A-ADAABD6BCAF2}.Release|Any CPU.ActiveCfg = Release|Any CPU
		{8107740E-C3C1-4DB4-848A-ADAABD6BCAF2}.Release|Any CPU.Build.0 = Release|Any CPU
		{846B820A-7D98-45C7-A1A3-6409B92E1DA4}.Debug|Any CPU.ActiveCfg = Debug|Any CPU
		{846B820A-7D98-45C7-A1A3-6409B92E1DA4}.Debug|Any CPU.Build.0 = Debug|Any CPU
		{846B820A-7D98-45C7-A1A3-6409B92E1DA4}.Release|Any CPU.ActiveCfg = Release|Any CPU
		{846B820A-7D98-45C7-A1A3-6409B92E1DA4}.Release|Any CPU.Build.0 = Release|Any CPU
		{902C44A9-6D0E-4713-879C-58A927EC967E}.Debug|Any CPU.ActiveCfg = Debug|Any CPU
		{902C44A9-6D0E-4713-879C-58A927EC967E}.Debug|Any CPU.Build.0 = Debug|Any CPU
		{902C44A9-6D0E-4713-879C-58A927EC967E}.Release|Any CPU.ActiveCfg = Release|Any CPU
		{902C44A9-6D0E-4713-879C-58A927EC967E}.Release|Any CPU.Build.0 = Release|Any CPU
		{B563CC18-796F-4692-8396-016F70C747FD}.Debug|Any CPU.ActiveCfg = Debug|Any CPU
		{B563CC18-796F-4692-8396-016F70C747FD}.Debug|Any CPU.Build.0 = Debug|Any CPU
		{B563CC18-796F-4692-8396-016F70C747FD}.Release|Any CPU.ActiveCfg = Release|Any CPU
		{B563CC18-796F-4692-8396-016F70C747FD}.Release|Any CPU.Build.0 = Release|Any CPU
	EndGlobalSection
	GlobalSection(SolutionProperties) = preSolution
		HideSolutionNode = FALSE
	EndGlobalSection
	GlobalSection(ExtensibilityGlobals) = postSolution
		SolutionGuid = {538DE4CA-FD39-4EC5-92B6-EF4B4D2B8F2D}
	EndGlobalSection
EndGlobal
