
Microsoft Visual Studio Solution File, Format Version 12.00
# Visual Studio Version 16
VisualStudioVersion = 16.0.28922.388
MinimumVisualStudioVersion = 10.0.40219.1
Project("{2150E333-8FDC-42A3-9474-1A3956D46DE8}") = "2.Domain", "2.Domain", "{1FAFE035-0290-4FBF-93A9-6EA4E2EF7FCC}"
EndProject
Project("{2150E333-8FDC-42A3-9474-1A3956D46DE8}") = "1.Infrastructure", "1.Infrastructure", "{2D48BE4C-9D73-475F-8E71-0DFFAB0C5EC5}"
EndProject
Project("{2150E333-8FDC-42A3-9474-1A3956D46DE8}") = "3.Repository", "3.Repository", "{D61A765E-6E01-4AC5-B2C5-CA779814D04F}"
EndProject
Project("{2150E333-8FDC-42A3-9474-1A3956D46DE8}") = "4.AppService", "4.AppService", "{130C845B-81B2-4A3D-B56E-B6EFCE156006}"
EndProject
Project("{2150E333-8FDC-42A3-9474-1A3956D46DE8}") = "5.UI", "5.UI", "{D97B4127-B8AE-4C8F-B061-15D3202E2DFE}"
EndProject
Project("{2150E333-8FDC-42A3-9474-1A3956D46DE8}") = "samples", "samples", "{D80371F0-2D77-40D5-B5B0-7F1B9F56420F}"
EndProject
Project("{2150E333-8FDC-42A3-9474-1A3956D46DE8}") = "src", "src", "{9F3FCDC3-9AEF-4279-B374-5FDE32CB869F}"
EndProject
Project("{9A19103F-16F7-4668-BE54-9A1E7A4F7556}") = "Ray.Domain", "src\Ray.Domain\Ray.Domain.csproj", "{2D722FB7-BAF9-402C-9267-18E3DC95549B}"
EndProject
Project("{9A19103F-16F7-4668-BE54-9A1E7A4F7556}") = "RayPI.Infrastructure.Treasury", "samples\RayPI.Infrastructure.Treasury\RayPI.Infrastructure.Treasury.csproj", "{C28F29CC-66A4-4242-9EC7-F50CC8694BEC}"
EndProject
Project("{9A19103F-16F7-4668-BE54-9A1E7A4F7556}") = "RayPI.Infrastructure.Swagger", "samples\RayPI.Infrastructure.Swagger\RayPI.Infrastructure.Swagger.csproj", "{EAA053DE-C11B-48C2-BE32-2D123D8C703B}"
EndProject
Project("{9A19103F-16F7-4668-BE54-9A1E7A4F7556}") = "RayPI.Infrastructure.Security", "samples\RayPI.Infrastructure.Security\RayPI.Infrastructure.Security.csproj", "{531AE6A1-7E08-41FA-B859-6008F6669E54}"
EndProject
Project("{9A19103F-16F7-4668-BE54-9A1E7A4F7556}") = "RayPI.Infrastructure.Cors", "samples\RayPI.Infrastructure.Cors\RayPI.Infrastructure.Cors.csproj", "{29F42A8F-0204-4221-83D5-F3ACCC948CCF}"
EndProject
Project("{9A19103F-16F7-4668-BE54-9A1E7A4F7556}") = "RayPI.Infrastructure.Auth", "samples\RayPI.Infrastructure.Auth\RayPI.Infrastructure.Auth.csproj", "{D6DF9C48-63B4-44DD-8E97-E0BA6A6A0680}"
EndProject
Project("{9A19103F-16F7-4668-BE54-9A1E7A4F7556}") = "RayPI.Infrastructure.Config", "samples\RayPI.Infrastructure.Config\RayPI.Infrastructure.Config.csproj", "{5372061F-D8CC-4227-A561-72344AD20445}"
EndProject
Project("{9A19103F-16F7-4668-BE54-9A1E7A4F7556}") = "RayPI.Infrastructure.RayException", "samples\RayPI.Infrastructure.ExceptionManager\RayPI.Infrastructure.RayException.csproj", "{2EFEFF9E-0521-48B8-B4CD-9D72C3833D94}"
EndProject
Project("{9A19103F-16F7-4668-BE54-9A1E7A4F7556}") = "RayPI.Domain", "samples\RayPI.Domain\RayPI.Domain.csproj", "{D635A306-D250-4E1B-B127-BDE541E244CD}"
EndProject
Project("{9A19103F-16F7-4668-BE54-9A1E7A4F7556}") = "RayPI.Repository.EFRepository", "samples\RayPI.Repository.EFRepository\RayPI.Repository.EFRepository.csproj", "{7D099814-FF23-42DF-BD1A-14BC73A35464}"
EndProject
Project("{9A19103F-16F7-4668-BE54-9A1E7A4F7556}") = "RayPI.AppService", "samples\RayPI.AppService\RayPI.AppService.csproj", "{AEC44075-409F-43A7-B203-30E29B405DD2}"
EndProject
Project("{9A19103F-16F7-4668-BE54-9A1E7A4F7556}") = "RayPI.OpenApi", "samples\RayPI.OpenApi\RayPI.OpenApi.csproj", "{6246CF11-2F1F-4090-AF2A-091317CA2C2D}"
EndProject
Project("{9A19103F-16F7-4668-BE54-9A1E7A4F7556}") = "Ray.Infrastructure", "src\Ray.Infrastructure\Ray.Infrastructure.csproj", "{AF074312-B831-48A5-83C7-2637E914F5A8}"
EndProject
Project("{9A19103F-16F7-4668-BE54-9A1E7A4F7556}") = "Ray.Infrastructure.Repository.EfCore", "src\Ray.Infrastructure.Repository.EfCore\Ray.Infrastructure.Repository.EfCore.csproj", "{DB962420-F6D1-44B1-8825-357FC2DCC131}"
EndProject
Global
	GlobalSection(SolutionConfigurationPlatforms) = preSolution
		Debug|Any CPU = Debug|Any CPU
		Release|Any CPU = Release|Any CPU
	EndGlobalSection
	GlobalSection(ProjectConfigurationPlatforms) = postSolution
		{2D722FB7-BAF9-402C-9267-18E3DC95549B}.Debug|Any CPU.ActiveCfg = Debug|Any CPU
		{2D722FB7-BAF9-402C-9267-18E3DC95549B}.Debug|Any CPU.Build.0 = Debug|Any CPU
		{2D722FB7-BAF9-402C-9267-18E3DC95549B}.Release|Any CPU.ActiveCfg = Release|Any CPU
		{2D722FB7-BAF9-402C-9267-18E3DC95549B}.Release|Any CPU.Build.0 = Release|Any CPU
		{C28F29CC-66A4-4242-9EC7-F50CC8694BEC}.Debug|Any CPU.ActiveCfg = Debug|Any CPU
		{C28F29CC-66A4-4242-9EC7-F50CC8694BEC}.Debug|Any CPU.Build.0 = Debug|Any CPU
		{C28F29CC-66A4-4242-9EC7-F50CC8694BEC}.Release|Any CPU.ActiveCfg = Release|Any CPU
		{C28F29CC-66A4-4242-9EC7-F50CC8694BEC}.Release|Any CPU.Build.0 = Release|Any CPU
		{EAA053DE-C11B-48C2-BE32-2D123D8C703B}.Debug|Any CPU.ActiveCfg = Debug|Any CPU
		{EAA053DE-C11B-48C2-BE32-2D123D8C703B}.Debug|Any CPU.Build.0 = Debug|Any CPU
		{EAA053DE-C11B-48C2-BE32-2D123D8C703B}.Release|Any CPU.ActiveCfg = Release|Any CPU
		{EAA053DE-C11B-48C2-BE32-2D123D8C703B}.Release|Any CPU.Build.0 = Release|Any CPU
		{531AE6A1-7E08-41FA-B859-6008F6669E54}.Debug|Any CPU.ActiveCfg = Debug|Any CPU
		{531AE6A1-7E08-41FA-B859-6008F6669E54}.Debug|Any CPU.Build.0 = Debug|Any CPU
		{531AE6A1-7E08-41FA-B859-6008F6669E54}.Release|Any CPU.ActiveCfg = Release|Any CPU
		{531AE6A1-7E08-41FA-B859-6008F6669E54}.Release|Any CPU.Build.0 = Release|Any CPU
		{29F42A8F-0204-4221-83D5-F3ACCC948CCF}.Debug|Any CPU.ActiveCfg = Debug|Any CPU
		{29F42A8F-0204-4221-83D5-F3ACCC948CCF}.Debug|Any CPU.Build.0 = Debug|Any CPU
		{29F42A8F-0204-4221-83D5-F3ACCC948CCF}.Release|Any CPU.ActiveCfg = Release|Any CPU
		{29F42A8F-0204-4221-83D5-F3ACCC948CCF}.Release|Any CPU.Build.0 = Release|Any CPU
		{D6DF9C48-63B4-44DD-8E97-E0BA6A6A0680}.Debug|Any CPU.ActiveCfg = Debug|Any CPU
		{D6DF9C48-63B4-44DD-8E97-E0BA6A6A0680}.Debug|Any CPU.Build.0 = Debug|Any CPU
		{D6DF9C48-63B4-44DD-8E97-E0BA6A6A0680}.Release|Any CPU.ActiveCfg = Release|Any CPU
		{D6DF9C48-63B4-44DD-8E97-E0BA6A6A0680}.Release|Any CPU.Build.0 = Release|Any CPU
		{5372061F-D8CC-4227-A561-72344AD20445}.Debug|Any CPU.ActiveCfg = Debug|Any CPU
		{5372061F-D8CC-4227-A561-72344AD20445}.Debug|Any CPU.Build.0 = Debug|Any CPU
		{5372061F-D8CC-4227-A561-72344AD20445}.Release|Any CPU.ActiveCfg = Release|Any CPU
		{5372061F-D8CC-4227-A561-72344AD20445}.Release|Any CPU.Build.0 = Release|Any CPU
		{2EFEFF9E-0521-48B8-B4CD-9D72C3833D94}.Debug|Any CPU.ActiveCfg = Debug|Any CPU
		{2EFEFF9E-0521-48B8-B4CD-9D72C3833D94}.Debug|Any CPU.Build.0 = Debug|Any CPU
		{2EFEFF9E-0521-48B8-B4CD-9D72C3833D94}.Release|Any CPU.ActiveCfg = Release|Any CPU
		{2EFEFF9E-0521-48B8-B4CD-9D72C3833D94}.Release|Any CPU.Build.0 = Release|Any CPU
		{D635A306-D250-4E1B-B127-BDE541E244CD}.Debug|Any CPU.ActiveCfg = Debug|Any CPU
		{D635A306-D250-4E1B-B127-BDE541E244CD}.Debug|Any CPU.Build.0 = Debug|Any CPU
		{D635A306-D250-4E1B-B127-BDE541E244CD}.Release|Any CPU.ActiveCfg = Release|Any CPU
		{D635A306-D250-4E1B-B127-BDE541E244CD}.Release|Any CPU.Build.0 = Release|Any CPU
		{7D099814-FF23-42DF-BD1A-14BC73A35464}.Debug|Any CPU.ActiveCfg = Debug|Any CPU
		{7D099814-FF23-42DF-BD1A-14BC73A35464}.Debug|Any CPU.Build.0 = Debug|Any CPU
		{7D099814-FF23-42DF-BD1A-14BC73A35464}.Release|Any CPU.ActiveCfg = Release|Any CPU
		{7D099814-FF23-42DF-BD1A-14BC73A35464}.Release|Any CPU.Build.0 = Release|Any CPU
		{AEC44075-409F-43A7-B203-30E29B405DD2}.Debug|Any CPU.ActiveCfg = Debug|Any CPU
		{AEC44075-409F-43A7-B203-30E29B405DD2}.Debug|Any CPU.Build.0 = Debug|Any CPU
		{AEC44075-409F-43A7-B203-30E29B405DD2}.Release|Any CPU.ActiveCfg = Release|Any CPU
		{AEC44075-409F-43A7-B203-30E29B405DD2}.Release|Any CPU.Build.0 = Release|Any CPU
		{6246CF11-2F1F-4090-AF2A-091317CA2C2D}.Debug|Any CPU.ActiveCfg = Debug|Any CPU
		{6246CF11-2F1F-4090-AF2A-091317CA2C2D}.Debug|Any CPU.Build.0 = Debug|Any CPU
		{6246CF11-2F1F-4090-AF2A-091317CA2C2D}.Release|Any CPU.ActiveCfg = Release|Any CPU
		{6246CF11-2F1F-4090-AF2A-091317CA2C2D}.Release|Any CPU.Build.0 = Release|Any CPU
		{AF074312-B831-48A5-83C7-2637E914F5A8}.Debug|Any CPU.ActiveCfg = Debug|Any CPU
		{AF074312-B831-48A5-83C7-2637E914F5A8}.Debug|Any CPU.Build.0 = Debug|Any CPU
		{AF074312-B831-48A5-83C7-2637E914F5A8}.Release|Any CPU.ActiveCfg = Release|Any CPU
		{AF074312-B831-48A5-83C7-2637E914F5A8}.Release|Any CPU.Build.0 = Release|Any CPU
		{DB962420-F6D1-44B1-8825-357FC2DCC131}.Debug|Any CPU.ActiveCfg = Debug|Any CPU
		{DB962420-F6D1-44B1-8825-357FC2DCC131}.Debug|Any CPU.Build.0 = Debug|Any CPU
		{DB962420-F6D1-44B1-8825-357FC2DCC131}.Release|Any CPU.ActiveCfg = Release|Any CPU
		{DB962420-F6D1-44B1-8825-357FC2DCC131}.Release|Any CPU.Build.0 = Release|Any CPU
	EndGlobalSection
	GlobalSection(SolutionProperties) = preSolution
		HideSolutionNode = FALSE
	EndGlobalSection
	GlobalSection(NestedProjects) = preSolution
		{1FAFE035-0290-4FBF-93A9-6EA4E2EF7FCC} = {D80371F0-2D77-40D5-B5B0-7F1B9F56420F}
		{2D48BE4C-9D73-475F-8E71-0DFFAB0C5EC5} = {D80371F0-2D77-40D5-B5B0-7F1B9F56420F}
		{D61A765E-6E01-4AC5-B2C5-CA779814D04F} = {D80371F0-2D77-40D5-B5B0-7F1B9F56420F}
		{130C845B-81B2-4A3D-B56E-B6EFCE156006} = {D80371F0-2D77-40D5-B5B0-7F1B9F56420F}
		{D97B4127-B8AE-4C8F-B061-15D3202E2DFE} = {D80371F0-2D77-40D5-B5B0-7F1B9F56420F}
		{2D722FB7-BAF9-402C-9267-18E3DC95549B} = {9F3FCDC3-9AEF-4279-B374-5FDE32CB869F}
		{C28F29CC-66A4-4242-9EC7-F50CC8694BEC} = {2D48BE4C-9D73-475F-8E71-0DFFAB0C5EC5}
		{EAA053DE-C11B-48C2-BE32-2D123D8C703B} = {2D48BE4C-9D73-475F-8E71-0DFFAB0C5EC5}
		{531AE6A1-7E08-41FA-B859-6008F6669E54} = {2D48BE4C-9D73-475F-8E71-0DFFAB0C5EC5}
		{29F42A8F-0204-4221-83D5-F3ACCC948CCF} = {2D48BE4C-9D73-475F-8E71-0DFFAB0C5EC5}
		{D6DF9C48-63B4-44DD-8E97-E0BA6A6A0680} = {2D48BE4C-9D73-475F-8E71-0DFFAB0C5EC5}
		{5372061F-D8CC-4227-A561-72344AD20445} = {2D48BE4C-9D73-475F-8E71-0DFFAB0C5EC5}
		{2EFEFF9E-0521-48B8-B4CD-9D72C3833D94} = {2D48BE4C-9D73-475F-8E71-0DFFAB0C5EC5}
		{D635A306-D250-4E1B-B127-BDE541E244CD} = {1FAFE035-0290-4FBF-93A9-6EA4E2EF7FCC}
		{7D099814-FF23-42DF-BD1A-14BC73A35464} = {D61A765E-6E01-4AC5-B2C5-CA779814D04F}
		{AEC44075-409F-43A7-B203-30E29B405DD2} = {130C845B-81B2-4A3D-B56E-B6EFCE156006}
		{6246CF11-2F1F-4090-AF2A-091317CA2C2D} = {D97B4127-B8AE-4C8F-B061-15D3202E2DFE}
		{AF074312-B831-48A5-83C7-2637E914F5A8} = {9F3FCDC3-9AEF-4279-B374-5FDE32CB869F}
		{DB962420-F6D1-44B1-8825-357FC2DCC131} = {9F3FCDC3-9AEF-4279-B374-5FDE32CB869F}
	EndGlobalSection
	GlobalSection(ExtensibilityGlobals) = postSolution
		SolutionGuid = {538DE4CA-FD39-4EC5-92B6-EF4B4D2B8F2D}
	EndGlobalSection
EndGlobal
